// !$*UTF8*$!
{
	archiveVersion = 1;
	classes = {
	};
	objectVersion = 50;
	objects = {

/* Begin PBXBuildFile section */
		7DD43AC120CE54A4007925C8 /* AppDelegate.swift in Sources */ = {isa = PBXBuildFile; fileRef = 7DD43AC020CE54A4007925C8 /* AppDelegate.swift */; };
		7DD43AC320CE54A4007925C8 /* ViewController.swift in Sources */ = {isa = PBXBuildFile; fileRef = 7DD43AC220CE54A4007925C8 /* ViewController.swift */; };
		7DD43AC620CE54A4007925C8 /* Main.storyboard in Resources */ = {isa = PBXBuildFile; fileRef = 7DD43AC420CE54A4007925C8 /* Main.storyboard */; };
		7DD43AC820CE54A5007925C8 /* Assets.xcassets in Resources */ = {isa = PBXBuildFile; fileRef = 7DD43AC720CE54A5007925C8 /* Assets.xcassets */; };
		7DD43ACB20CE54A5007925C8 /* LaunchScreen.storyboard in Resources */ = {isa = PBXBuildFile; fileRef = 7DD43AC920CE54A5007925C8 /* LaunchScreen.storyboard */; };
		7DD43AD620CE54A5007925C8 /* World_TrackingTests.swift in Sources */ = {isa = PBXBuildFile; fileRef = 7DD43AD520CE54A5007925C8 /* World_TrackingTests.swift */; };
		7DD43AE120CE54A5007925C8 /* World_TrackingUITests.swift in Sources */ = {isa = PBXBuildFile; fileRef = 7DD43AE020CE54A5007925C8 /* World_TrackingUITests.swift */; };
/* End PBXBuildFile section */

/* Begin PBXContainerItemProxy section */
		7DD43AD220CE54A5007925C8 /* PBXContainerItemProxy */ = {
			isa = PBXContainerItemProxy;
			containerPortal = 7DD43AB520CE54A4007925C8 /* Project object */;
			proxyType = 1;
			remoteGlobalIDString = 7DD43ABC20CE54A4007925C8;
			remoteInfo = "World Tracking";
		};
		7DD43ADD20CE54A5007925C8 /* PBXContainerItemProxy */ = {
			isa = PBXContainerItemProxy;
			containerPortal = 7DD43AB520CE54A4007925C8 /* Project object */;
			proxyType = 1;
			remoteGlobalIDString = 7DD43ABC20CE54A4007925C8;
			remoteInfo = "World Tracking";
		};
/* End PBXContainerItemProxy section */

/* Begin PBXFileReference section */
		7DD43ABD20CE54A4007925C8 /* World Tracking.app */ = {isa = PBXFileReference; explicitFileType = wrapper.application; includeInIndex = 0; path = "World Tracking.app"; sourceTree = BUILT_PRODUCTS_DIR; };
		7DD43AC020CE54A4007925C8 /* AppDelegate.swift */ = {isa = PBXFileReference; lastKnownFileType = sourcecode.swift; path = AppDelegate.swift; sourceTree = "<group>"; };
		7DD43AC220CE54A4007925C8 /* ViewController.swift */ = {isa = PBXFileReference; lastKnownFileType = sourcecode.swift; path = ViewController.swift; sourceTree = "<group>"; };
		7DD43AC520CE54A4007925C8 /* Base */ = {isa = PBXFileReference; lastKnownFileType = file.storyboard; name = Base; path = Base.lproj/Main.storyboard; sourceTree = "<group>"; };
		7DD43AC720CE54A5007925C8 /* Assets.xcassets */ = {isa = PBXFileReference; lastKnownFileType = folder.assetcatalog; path = Assets.xcassets; sourceTree = "<group>"; };
		7DD43ACA20CE54A5007925C8 /* Base */ = {isa = PBXFileReference; lastKnownFileType = file.storyboard; name = Base; path = Base.lproj/LaunchScreen.storyboard; sourceTree = "<group>"; };
		7DD43ACC20CE54A5007925C8 /* Info.plist */ = {isa = PBXFileReference; lastKnownFileType = text.plist.xml; path = Info.plist; sourceTree = "<group>"; };
		7DD43AD120CE54A5007925C8 /* World TrackingTests.xctest */ = {isa = PBXFileReference; explicitFileType = wrapper.cfbundle; includeInIndex = 0; path = "World TrackingTests.xctest"; sourceTree = BUILT_PRODUCTS_DIR; };
		7DD43AD520CE54A5007925C8 /* World_TrackingTests.swift */ = {isa = PBXFileReference; lastKnownFileType = sourcecode.swift; path = World_TrackingTests.swift; sourceTree = "<group>"; };
		7DD43AD720CE54A5007925C8 /* Info.plist */ = {isa = PBXFileReference; lastKnownFileType = text.plist.xml; path = Info.plist; sourceTree = "<group>"; };
		7DD43ADC20CE54A5007925C8 /* World TrackingUITests.xctest */ = {isa = PBXFileReference; explicitFileType = wrapper.cfbundle; includeInIndex = 0; path = "World TrackingUITests.xctest"; sourceTree = BUILT_PRODUCTS_DIR; };
		7DD43AE020CE54A5007925C8 /* World_TrackingUITests.swift */ = {isa = PBXFileReference; lastKnownFileType = sourcecode.swift; path = World_TrackingUITests.swift; sourceTree = "<group>"; };
		7DD43AE220CE54A5007925C8 /* Info.plist */ = {isa = PBXFileReference; lastKnownFileType = text.plist.xml; path = Info.plist; sourceTree = "<group>"; };
/* End PBXFileReference section */

/* Begin PBXFrameworksBuildPhase section */
		7DD43ABA20CE54A4007925C8 /* Frameworks */ = {
			isa = PBXFrameworksBuildPhase;
			buildActionMask = 2147483647;
			files = (
			);
			runOnlyForDeploymentPostprocessing = 0;
		};
		7DD43ACE20CE54A5007925C8 /* Frameworks */ = {
			isa = PBXFrameworksBuildPhase;
			buildActionMask = 2147483647;
			files = (
			);
			runOnlyForDeploymentPostprocessing = 0;
		};
		7DD43AD920CE54A5007925C8 /* Frameworks */ = {
			isa = PBXFrameworksBuildPhase;
			buildActionMask = 2147483647;
			files = (
			);
			runOnlyForDeploymentPostprocessing = 0;
		};
/* End PBXFrameworksBuildPhase section */

/* Begin PBXGroup section */
		7DD43AB420CE54A4007925C8 = {
			isa = PBXGroup;
			children = (
				7DD43ABF20CE54A4007925C8 /* World Tracking */,
				7DD43AD420CE54A5007925C8 /* World TrackingTests */,
				7DD43ADF20CE54A5007925C8 /* World TrackingUITests */,
				7DD43ABE20CE54A4007925C8 /* Products */,
			);
			sourceTree = "<group>";
		};
		7DD43ABE20CE54A4007925C8 /* Products */ = {
			isa = PBXGroup;
			children = (
				7DD43ABD20CE54A4007925C8 /* World Tracking.app */,
				7DD43AD120CE54A5007925C8 /* World TrackingTests.xctest */,
				7DD43ADC20CE54A5007925C8 /* World TrackingUITests.xctest */,
			);
			name = Products;
			sourceTree = "<group>";
		};
		7DD43ABF20CE54A4007925C8 /* World Tracking */ = {
			isa = PBXGroup;
			children = (
				7DD43AC020CE54A4007925C8 /* AppDelegate.swift */,
				7DD43AC220CE54A4007925C8 /* ViewController.swift */,
				7DD43AC420CE54A4007925C8 /* Main.storyboard */,
				7DD43AC720CE54A5007925C8 /* Assets.xcassets */,
				7DD43AC920CE54A5007925C8 /* LaunchScreen.storyboard */,
				7DD43ACC20CE54A5007925C8 /* Info.plist */,
			);
			path = "World Tracking";
			sourceTree = "<group>";
		};
		7DD43AD420CE54A5007925C8 /* World TrackingTests */ = {
			isa = PBXGroup;
			children = (
				7DD43AD520CE54A5007925C8 /* World_TrackingTests.swift */,
				7DD43AD720CE54A5007925C8 /* Info.plist */,
			);
			path = "World TrackingTests";
			sourceTree = "<group>";
		};
		7DD43ADF20CE54A5007925C8 /* World TrackingUITests */ = {
			isa = PBXGroup;
			children = (
				7DD43AE020CE54A5007925C8 /* World_TrackingUITests.swift */,
				7DD43AE220CE54A5007925C8 /* Info.plist */,
			);
			path = "World TrackingUITests";
			sourceTree = "<group>";
		};
/* End PBXGroup section */

/* Begin PBXNativeTarget section */
		7DD43ABC20CE54A4007925C8 /* World Tracking */ = {
			isa = PBXNativeTarget;
			buildConfigurationList = 7DD43AE520CE54A5007925C8 /* Build configuration list for PBXNativeTarget "World Tracking" */;
			buildPhases = (
				7DD43AB920CE54A4007925C8 /* Sources */,
				7DD43ABA20CE54A4007925C8 /* Frameworks */,
				7DD43ABB20CE54A4007925C8 /* Resources */,
			);
			buildRules = (
			);
			dependencies = (
			);
			name = "World Tracking";
			productName = "World Tracking";
			productReference = 7DD43ABD20CE54A4007925C8 /* World Tracking.app */;
			productType = "com.apple.product-type.application";
		};
		7DD43AD020CE54A5007925C8 /* World TrackingTests */ = {
			isa = PBXNativeTarget;
			buildConfigurationList = 7DD43AE820CE54A5007925C8 /* Build configuration list for PBXNativeTarget "World TrackingTests" */;
			buildPhases = (
				7DD43ACD20CE54A5007925C8 /* Sources */,
				7DD43ACE20CE54A5007925C8 /* Frameworks */,
				7DD43ACF20CE54A5007925C8 /* Resources */,
			);
			buildRules = (
			);
			dependencies = (
				7DD43AD320CE54A5007925C8 /* PBXTargetDependency */,
			);
			name = "World TrackingTests";
			productName = "World TrackingTests";
			productReference = 7DD43AD120CE54A5007925C8 /* World TrackingTests.xctest */;
			productType = "com.apple.product-type.bundle.unit-test";
		};
		7DD43ADB20CE54A5007925C8 /* World TrackingUITests */ = {
			isa = PBXNativeTarget;
			buildConfigurationList = 7DD43AEB20CE54A5007925C8 /* Build configuration list for PBXNativeTarget "World TrackingUITests" */;
			buildPhases = (
				7DD43AD820CE54A5007925C8 /* Sources */,
				7DD43AD920CE54A5007925C8 /* Frameworks */,
				7DD43ADA20CE54A5007925C8 /* Resources */,
			);
			buildRules = (
			);
			dependencies = (
				7DD43ADE20CE54A5007925C8 /* PBXTargetDependency */,
			);
			name = "World TrackingUITests";
			productName = "World TrackingUITests";
			productReference = 7DD43ADC20CE54A5007925C8 /* World TrackingUITests.xctest */;
			productType = "com.apple.product-type.bundle.ui-testing";
		};
/* End PBXNativeTarget section */

/* Begin PBXProject section */
		7DD43AB520CE54A4007925C8 /* Project object */ = {
			isa = PBXProject;
			attributes = {
				LastSwiftUpdateCheck = 1000;
				LastUpgradeCheck = 1000;
				ORGANIZATIONNAME = "Julian Lechuga Lopez";
				TargetAttributes = {
					7DD43ABC20CE54A4007925C8 = {
						CreatedOnToolsVersion = 10.0;
					};
					7DD43AD020CE54A5007925C8 = {
						CreatedOnToolsVersion = 10.0;
						TestTargetID = 7DD43ABC20CE54A4007925C8;
					};
					7DD43ADB20CE54A5007925C8 = {
						CreatedOnToolsVersion = 10.0;
						TestTargetID = 7DD43ABC20CE54A4007925C8;
					};
				};
			};
			buildConfigurationList = 7DD43AB820CE54A4007925C8 /* Build configuration list for PBXProject "World Tracking" */;
			compatibilityVersion = "Xcode 9.3";
			developmentRegion = en;
			hasScannedForEncodings = 0;
			knownRegions = (
				en,
				Base,
			);
			mainGroup = 7DD43AB420CE54A4007925C8;
			productRefGroup = 7DD43ABE20CE54A4007925C8 /* Products */;
			projectDirPath = "";
			projectRoot = "";
			targets = (
				7DD43ABC20CE54A4007925C8 /* World Tracking */,
				7DD43AD020CE54A5007925C8 /* World TrackingTests */,
				7DD43ADB20CE54A5007925C8 /* World TrackingUITests */,
			);
		};
/* End PBXProject section */

/* Begin PBXResourcesBuildPhase section */
		7DD43ABB20CE54A4007925C8 /* Resources */ = {
			isa = PBXResourcesBuildPhase;
			buildActionMask = 2147483647;
			files = (
				7DD43ACB20CE54A5007925C8 /* LaunchScreen.storyboard in Resources */,
				7DD43AC820CE54A5007925C8 /* Assets.xcassets in Resources */,
				7DD43AC620CE54A4007925C8 /* Main.storyboard in Resources */,
			);
			runOnlyForDeploymentPostprocessing = 0;
		};
		7DD43ACF20CE54A5007925C8 /* Resources */ = {
			isa = PBXResourcesBuildPhase;
			buildActionMask = 2147483647;
			files = (
			);
			runOnlyForDeploymentPostprocessing = 0;
		};
		7DD43ADA20CE54A5007925C8 /* Resources */ = {
			isa = PBXResourcesBuildPhase;
			buildActionMask = 2147483647;
			files = (
			);
			runOnlyForDeploymentPostprocessing = 0;
		};
/* End PBXResourcesBuildPhase section */

/* Begin PBXSourcesBuildPhase section */
		7DD43AB920CE54A4007925C8 /* Sources */ = {
			isa = PBXSourcesBuildPhase;
			buildActionMask = 2147483647;
			files = (
				7DD43AC320CE54A4007925C8 /* ViewController.swift in Sources */,
				7DD43AC120CE54A4007925C8 /* AppDelegate.swift in Sources */,
			);
			runOnlyForDeploymentPostprocessing = 0;
		};
		7DD43ACD20CE54A5007925C8 /* Sources */ = {
			isa = PBXSourcesBuildPhase;
			buildActionMask = 2147483647;
			files = (
				7DD43AD620CE54A5007925C8 /* World_TrackingTests.swift in Sources */,
			);
			runOnlyForDeploymentPostprocessing = 0;
		};
		7DD43AD820CE54A5007925C8 /* Sources */ = {
			isa = PBXSourcesBuildPhase;
			buildActionMask = 2147483647;
			files = (
				7DD43AE120CE54A5007925C8 /* World_TrackingUITests.swift in Sources */,
			);
			runOnlyForDeploymentPostprocessing = 0;
		};
/* End PBXSourcesBuildPhase section */

/* Begin PBXTargetDependency section */
		7DD43AD320CE54A5007925C8 /* PBXTargetDependency */ = {
			isa = PBXTargetDependency;
			target = 7DD43ABC20CE54A4007925C8 /* World Tracking */;
			targetProxy = 7DD43AD220CE54A5007925C8 /* PBXContainerItemProxy */;
		};
		7DD43ADE20CE54A5007925C8 /* PBXTargetDependency */ = {
			isa = PBXTargetDependency;
			target = 7DD43ABC20CE54A4007925C8 /* World Tracking */;
			targetProxy = 7DD43ADD20CE54A5007925C8 /* PBXContainerItemProxy */;
		};
/* End PBXTargetDependency section */

/* Begin PBXVariantGroup section */
		7DD43AC420CE54A4007925C8 /* Main.storyboard */ = {
			isa = PBXVariantGroup;
			children = (
				7DD43AC520CE54A4007925C8 /* Base */,
			);
			name = Main.storyboard;
			sourceTree = "<group>";
		};
		7DD43AC920CE54A5007925C8 /* LaunchScreen.storyboard */ = {
			isa = PBXVariantGroup;
			children = (
				7DD43ACA20CE54A5007925C8 /* Base */,
			);
			name = LaunchScreen.storyboard;
			sourceTree = "<group>";
		};
/* End PBXVariantGroup section */

/* Begin XCBuildConfiguration section */
		7DD43AE320CE54A5007925C8 /* Debug */ = {
			isa = XCBuildConfiguration;
			buildSettings = {
				ALWAYS_SEARCH_USER_PATHS = NO;
				CLANG_ANALYZER_NONNULL = YES;
				CLANG_ANALYZER_NUMBER_OBJECT_CONVERSION = YES_AGGRESSIVE;
				CLANG_CXX_LANGUAGE_STANDARD = "gnu++14";
				CLANG_CXX_LIBRARY = "libc++";
				CLANG_ENABLE_MODULES = YES;
				CLANG_ENABLE_OBJC_ARC = YES;
				CLANG_ENABLE_OBJC_WEAK = YES;
				CLANG_WARN_BLOCK_CAPTURE_AUTORELEASING = YES;
				CLANG_WARN_BOOL_CONVERSION = YES;
				CLANG_WARN_COMMA = YES;
				CLANG_WARN_CONSTANT_CONVERSION = YES;
				CLANG_WARN_DEPRECATED_OBJC_IMPLEMENTATIONS = YES;
				CLANG_WARN_DIRECT_OBJC_ISA_USAGE = YES_ERROR;
				CLANG_WARN_DOCUMENTATION_COMMENTS = YES;
				CLANG_WARN_EMPTY_BODY = YES;
				CLANG_WARN_ENUM_CONVERSION = YES;
				CLANG_WARN_INFINITE_RECURSION = YES;
				CLANG_WARN_INT_CONVERSION = YES;
				CLANG_WARN_NON_LITERAL_NULL_CONVERSION = YES;
				CLANG_WARN_OBJC_IMPLICIT_RETAIN_SELF = YES;
				CLANG_WARN_OBJC_LITERAL_CONVERSION = YES;
				CLANG_WARN_OBJC_ROOT_CLASS = YES_ERROR;
				CLANG_WARN_RANGE_LOOP_ANALYSIS = YES;
				CLANG_WARN_STRICT_PROTOTYPES = YES;
				CLANG_WARN_SUSPICIOUS_MOVE = YES;
				CLANG_WARN_UNGUARDED_AVAILABILITY = YES_AGGRESSIVE;
				CLANG_WARN_UNREACHABLE_CODE = YES;
				CLANG_WARN__DUPLICATE_METHOD_MATCH = YES;
				CODE_SIGN_IDENTITY = "iPhone Developer";
				COPY_PHASE_STRIP = NO;
				DEBUG_INFORMATION_FORMAT = dwarf;
				ENABLE_STRICT_OBJC_MSGSEND = YES;
				ENABLE_TESTABILITY = YES;
				GCC_C_LANGUAGE_STANDARD = gnu11;
				GCC_DYNAMIC_NO_PIC = NO;
				GCC_NO_COMMON_BLOCKS = YES;
				GCC_OPTIMIZATION_LEVEL = 0;
				GCC_PREPROCESSOR_DEFINITIONS = (
					"DEBUG=1",
					"$(inherited)",
				);
				GCC_WARN_64_TO_32_BIT_CONVERSION = YES;
				GCC_WARN_ABOUT_RETURN_TYPE = YES_ERROR;
				GCC_WARN_UNDECLARED_SELECTOR = YES;
				GCC_WARN_UNINITIALIZED_AUTOS = YES_AGGRESSIVE;
				GCC_WARN_UNUSED_FUNCTION = YES;
				GCC_WARN_UNUSED_VARIABLE = YES;
				IPHONEOS_DEPLOYMENT_TARGET = 12.0;
				MTL_ENABLE_DEBUG_INFO = INCLUDE_SOURCE;
				ONLY_ACTIVE_ARCH = YES;
				SDKROOT = iphoneos;
				SWIFT_ACTIVE_COMPILATION_CONDITIONS = DEBUG;
				SWIFT_OPTIMIZATION_LEVEL = "-Onone";
			};
			name = Debug;
		};
		7DD43AE420CE54A5007925C8 /* Release */ = {
			isa = XCBuildConfiguration;
			buildSettings = {
				ALWAYS_SEARCH_USER_PATHS = NO;
				CLANG_ANALYZER_NONNULL = YES;
				CLANG_ANALYZER_NUMBER_OBJECT_CONVERSION = YES_AGGRESSIVE;
				CLANG_CXX_LANGUAGE_STANDARD = "gnu++14";
				CLANG_CXX_LIBRARY = "libc++";
				CLANG_ENABLE_MODULES = YES;
				CLANG_ENABLE_OBJC_ARC = YES;
				CLANG_ENABLE_OBJC_WEAK = YES;
				CLANG_WARN_BLOCK_CAPTURE_AUTORELEASING = YES;
				CLANG_WARN_BOOL_CONVERSION = YES;
				CLANG_WARN_COMMA = YES;
				CLANG_WARN_CONSTANT_CONVERSION = YES;
				CLANG_WARN_DEPRECATED_OBJC_IMPLEMENTATIONS = YES;
				CLANG_WARN_DIRECT_OBJC_ISA_USAGE = YES_ERROR;
				CLANG_WARN_DOCUMENTATION_COMMENTS = YES;
				CLANG_WARN_EMPTY_BODY = YES;
				CLANG_WARN_ENUM_CONVERSION = YES;
				CLANG_WARN_INFINITE_RECURSION = YES;
				CLANG_WARN_INT_CONVERSION = YES;
				CLANG_WARN_NON_LITERAL_NULL_CONVERSION = YES;
				CLANG_WARN_OBJC_IMPLICIT_RETAIN_SELF = YES;
				CLANG_WARN_OBJC_LITERAL_CONVERSION = YES;
				CLANG_WARN_OBJC_ROOT_CLASS = YES_ERROR;
				CLANG_WARN_RANGE_LOOP_ANALYSIS = YES;
				CLANG_WARN_STRICT_PROTOTYPES = YES;
				CLANG_WARN_SUSPICIOUS_MOVE = YES;
				CLANG_WARN_UNGUARDED_AVAILABILITY = YES_AGGRESSIVE;
				CLANG_WARN_UNREACHABLE_CODE = YES;
				CLANG_WARN__DUPLICATE_METHOD_MATCH = YES;
				CODE_SIGN_IDENTITY = "iPhone Developer";
				COPY_PHASE_STRIP = NO;
				DEBUG_INFORMATION_FORMAT = "dwarf-with-dsym";
				ENABLE_NS_ASSERTIONS = NO;
				ENABLE_STRICT_OBJC_MSGSEND = YES;
				GCC_C_LANGUAGE_STANDARD = gnu11;
				GCC_NO_COMMON_BLOCKS = YES;
				GCC_WARN_64_TO_32_BIT_CONVERSION = YES;
				GCC_WARN_ABOUT_RETURN_TYPE = YES_ERROR;
				GCC_WARN_UNDECLARED_SELECTOR = YES;
				GCC_WARN_UNINITIALIZED_AUTOS = YES_AGGRESSIVE;
				GCC_WARN_UNUSED_FUNCTION = YES;
				GCC_WARN_UNUSED_VARIABLE = YES;
				IPHONEOS_DEPLOYMENT_TARGET = 12.0;
				MTL_ENABLE_DEBUG_INFO = NO;
				SDKROOT = iphoneos;
				SWIFT_COMPILATION_MODE = wholemodule;
				SWIFT_OPTIMIZATION_LEVEL = "-O";
				VALIDATE_PRODUCT = YES;
			};
			name = Release;
		};
		7DD43AE620CE54A5007925C8 /* Debug */ = {
			isa = XCBuildConfiguration;
			buildSettings = {
				ASSETCATALOG_COMPILER_APPICON_NAME = AppIcon;
				CODE_SIGN_STYLE = Automatic;
				INFOPLIST_FILE = "World Tracking/Info.plist";
				LD_RUNPATH_SEARCH_PATHS = (
					"$(inherited)",
					"@executable_path/Frameworks",
				);
				PRODUCT_BUNDLE_IDENTIFIER = "KIT.World-Tracking";
				PRODUCT_NAME = "$(TARGET_NAME)";
				SWIFT_VERSION = 4.2;
				TARGETED_DEVICE_FAMILY = "1,2";
			};
			name = Debug;
		};
		7DD43AE720CE54A5007925C8 /* Release */ = {
			isa = XCBuildConfiguration;
			buildSettings = {
				ASSETCATALOG_COMPILER_APPICON_NAME = AppIcon;
				CODE_SIGN_STYLE = Automatic;
				INFOPLIST_FILE = "World Tracking/Info.plist";
				LD_RUNPATH_SEARCH_PATHS = (
					"$(inherited)",
					"@executable_path/Frameworks",
				);
				PRODUCT_BUNDLE_IDENTIFIER = "KIT.World-Tracking";
				PRODUCT_NAME = "$(TARGET_NAME)";
				SWIFT_VERSION = 4.2;
				TARGETED_DEVICE_FAMILY = "1,2";
			};
			name = Release;
		};
		7DD43AE920CE54A5007925C8 /* Debug */ = {
			isa = XCBuildConfiguration;
			buildSettings = {
				ALWAYS_EMBED_SWIFT_STANDARD_LIBRARIES = YES;
				BUNDLE_LOADER = "$(TEST_HOST)";
				CODE_SIGN_STYLE = Automatic;
				INFOPLIST_FILE = "World TrackingTests/Info.plist";
				LD_RUNPATH_SEARCH_PATHS = (
					"$(inherited)",
					"@executable_path/Frameworks",
					"@loader_path/Frameworks",
				);
				PRODUCT_BUNDLE_IDENTIFIER = "KIT.World-TrackingTests";
				PRODUCT_NAME = "$(TARGET_NAME)";
				SWIFT_VERSION = 4.2;
				TARGETED_DEVICE_FAMILY = "1,2";
				TEST_HOST = "$(BUILT_PRODUCTS_DIR)/World Tracking.app/World Tracking";
			};
			name = Debug;
		};
		7DD43AEA20CE54A5007925C8 /* Release */ = {
			isa = XCBuildConfiguration;
			buildSettings = {
				ALWAYS_EMBED_SWIFT_STANDARD_LIBRARIES = YES;
				BUNDLE_LOADER = "$(TEST_HOST)";
				CODE_SIGN_STYLE = Automatic;
				INFOPLIST_FILE = "World TrackingTests/Info.plist";
				LD_RUNPATH_SEARCH_PATHS = (
					"$(inherited)",
					"@executable_path/Frameworks",
					"@loader_path/Frameworks",
				);
				PRODUCT_BUNDLE_IDENTIFIER = "KIT.World-TrackingTests";
				PRODUCT_NAME = "$(TARGET_NAME)";
				SWIFT_VERSION = 4.2;
				TARGETED_DEVICE_FAMILY = "1,2";
				TEST_HOST = "$(BUILT_PRODUCTS_DIR)/World Tracking.app/World Tracking";
			};
			name = Release;
		};
		7DD43AEC20CE54A5007925C8 /* Debug */ = {
			isa = XCBuildConfiguration;
			buildSettings = {
				ALWAYS_EMBED_SWIFT_STANDARD_LIBRARIES = YES;
				CODE_SIGN_STYLE = Automatic;
				INFOPLIST_FILE = "World TrackingUITests/Info.plist";
				LD_RUNPATH_SEARCH_PATHS = (
					"$(inherited)",
					"@executable_path/Frameworks",
					"@loader_path/Frameworks",
				);
				PRODUCT_BUNDLE_IDENTIFIER = "KIT.World-TrackingUITests";
				PRODUCT_NAME = "$(TARGET_NAME)";
				SWIFT_VERSION = 4.2;
				TARGETED_DEVICE_FAMILY = "1,2";
				TEST_TARGET_NAME = "World Tracking";
			};
			name = Debug;
		};
		7DD43AED20CE54A5007925C8 /* Release */ = {
			isa = XCBuildConfiguration;
			buildSettings = {
				ALWAYS_EMBED_SWIFT_STANDARD_LIBRARIES = YES;
				CODE_SIGN_STYLE = Automatic;
				INFOPLIST_FILE = "World TrackingUITests/Info.plist";
				LD_RUNPATH_SEARCH_PATHS = (
					"$(inherited)",
					"@executable_path/Frameworks",
					"@loader_path/Frameworks",
				);
				PRODUCT_BUNDLE_IDENTIFIER = "KIT.World-TrackingUITests";
				PRODUCT_NAME = "$(TARGET_NAME)";
				SWIFT_VERSION = 4.2;
				TARGETED_DEVICE_FAMILY = "1,2";
				TEST_TARGET_NAME = "World Tracking";
			};
			name = Release;
		};
/* End XCBuildConfiguration section */

/* Begin XCConfigurationList section */
		7DD43AB820CE54A4007925C8 /* Build configuration list for PBXProject "World Tracking" */ = {
			isa = XCConfigurationList;
			buildConfigurations = (
				7DD43AE320CE54A5007925C8 /* Debug */,
				7DD43AE420CE54A5007925C8 /* Release */,
			);
			defaultConfigurationIsVisible = 0;
			defaultConfigurationName = Release;
		};
		7DD43AE520CE54A5007925C8 /* Build configuration list for PBXNativeTarget "World Tracking" */ = {
			isa = XCConfigurationList;
			buildConfigurations = (
				7DD43AE620CE54A5007925C8 /* Debug */,
				7DD43AE720CE54A5007925C8 /* Release */,
			);
			defaultConfigurationIsVisible = 0;
			defaultConfigurationName = Release;
		};
		7DD43AE820CE54A5007925C8 /* Build configuration list for PBXNativeTarget "World TrackingTests" */ = {
			isa = XCConfigurationList;
			buildConfigurations = (
				7DD43AE920CE54A5007925C8 /* Debug */,
				7DD43AEA20CE54A5007925C8 /* Release */,
			);
			defaultConfigurationIsVisible = 0;
			defaultConfigurationName = Release;
		};
		7DD43AEB20CE54A5007925C8 /* Build configuration list for PBXNativeTarget "World TrackingUITests" */ = {
			isa = XCConfigurationList;
			buildConfigurations = (
				7DD43AEC20CE54A5007925C8 /* Debug */,
				7DD43AED20CE54A5007925C8 /* Release */,
			);
			defaultConfigurationIsVisible = 0;
			defaultConfigurationName = Release;
		};
/* End XCConfigurationList section */
	};
	rootObject = 7DD43AB520CE54A4007925C8 /* Project object */;
}
